
Microsoft Visual Studio Solution File, Format Version 12.00
# Visual Studio Version 17
VisualStudioVersion = 17.5.002.0
MinimumVisualStudioVersion = 10.0.40219.1
Project("{9A19103F-16F7-4668-BE54-9A1E7A4F7556}") = "WORK1", "WORK1.csproj", "{EE4A5CD9-DF65-46D0-859C-A8330FDECCC0}"
EndProject
Global
	GlobalSection(SolutionConfigurationPlatforms) = preSolution
		Debug|Any CPU = Debug|Any CPU
		Release|Any CPU = Release|Any CPU
	EndGlobalSection
	GlobalSection(ProjectConfigurationPlatforms) = postSolution
		{EE4A5CD9-DF65-46D0-859C-A8330FDECCC0}.Debug|Any CPU.ActiveCfg = Debug|Any CPU
		{EE4A5CD9-DF65-46D0-859C-A8330FDECCC0}.Debug|Any CPU.Build.0 = Debug|Any CPU
		{EE4A5CD9-DF65-46D0-859C-A8330FDECCC0}.Release|Any CPU.ActiveCfg = Release|Any CPU
		{EE4A5CD9-DF65-46D0-859C-A8330FDECCC0}.Release|Any CPU.Build.0 = Release|Any CPU
	EndGlobalSection
	GlobalSection(SolutionProperties) = preSolution
		HideSolutionNode = FALSE
	EndGlobalSection
	GlobalSection(ExtensibilityGlobals) = postSolution
		SolutionGuid = {66B0A294-3D7D-46F1-BC2E-9912FB5E9871}
	EndGlobalSection
EndGlobal
